
Microsoft Visual Studio Solution File, Format Version 12.00
# Visual Studio 2012
Project("{FAE04EC0-301F-11D3-BF4B-00C04F79EFBC}") = "SpeakEasyEngine", "SpeakEasy\SpeakEasyEngine.csproj", "{148DA1F7-6E20-4E43-BC93-DFF8B547BE93}"
EndProject
Project("{FAE04EC0-301F-11D3-BF4B-00C04F79EFBC}") = "Foundation", "Foundation\Foundation.csproj", "{AEAF6ACF-3EA7-45EC-A9D3-169643B201D6}"
EndProject
Global
	GlobalSection(SolutionConfigurationPlatforms) = preSolution
		Debug|Any CPU = Debug|Any CPU
		Debug|Mixed Platforms = Debug|Mixed Platforms
		Debug|x86 = Debug|x86
		Release|Any CPU = Release|Any CPU
		Release|Mixed Platforms = Release|Mixed Platforms
		Release|x86 = Release|x86
	EndGlobalSection
	GlobalSection(ProjectConfigurationPlatforms) = postSolution
		{148DA1F7-6E20-4E43-BC93-DFF8B547BE93}.Debug|Any CPU.ActiveCfg = Debug|x86
		{148DA1F7-6E20-4E43-BC93-DFF8B547BE93}.Debug|Mixed Platforms.ActiveCfg = Debug|x86
		{148DA1F7-6E20-4E43-BC93-DFF8B547BE93}.Debug|Mixed Platforms.Build.0 = Debug|x86
		{148DA1F7-6E20-4E43-BC93-DFF8B547BE93}.Debug|x86.ActiveCfg = Debug|x86
		{148DA1F7-6E20-4E43-BC93-DFF8B547BE93}.Debug|x86.Build.0 = Debug|x86
		{148DA1F7-6E20-4E43-BC93-DFF8B547BE93}.Release|Any CPU.ActiveCfg = Release|x86
		{148DA1F7-6E20-4E43-BC93-DFF8B547BE93}.Release|Mixed Platforms.ActiveCfg = Release|x86
		{148DA1F7-6E20-4E43-BC93-DFF8B547BE93}.Release|Mixed Platforms.Build.0 = Release|x86
		{148DA1F7-6E20-4E43-BC93-DFF8B547BE93}.Release|x86.ActiveCfg = Release|x86
		{148DA1F7-6E20-4E43-BC93-DFF8B547BE93}.Release|x86.Build.0 = Release|x86
		{AEAF6ACF-3EA7-45EC-A9D3-169643B201D6}.Debug|Any CPU.ActiveCfg = Debug|Any CPU
		{AEAF6ACF-3EA7-45EC-A9D3-169643B201D6}.Debug|Any CPU.Build.0 = Debug|Any CPU
		{AEAF6ACF-3EA7-45EC-A9D3-169643B201D6}.Debug|Mixed Platforms.ActiveCfg = Debug|Any CPU
		{AEAF6ACF-3EA7-45EC-A9D3-169643B201D6}.Debug|Mixed Platforms.Build.0 = Debug|Any CPU
		{AEAF6ACF-3EA7-45EC-A9D3-169643B201D6}.Debug|x86.ActiveCfg = Debug|Any CPU
		{AEAF6ACF-3EA7-45EC-A9D3-169643B201D6}.Release|Any CPU.ActiveCfg = Release|Any CPU
		{AEAF6ACF-3EA7-45EC-A9D3-169643B201D6}.Release|Any CPU.Build.0 = Release|Any CPU
		{AEAF6ACF-3EA7-45EC-A9D3-169643B201D6}.Release|Mixed Platforms.ActiveCfg = Release|Any CPU
		{AEAF6ACF-3EA7-45EC-A9D3-169643B201D6}.Release|Mixed Platforms.Build.0 = Release|Any CPU
		{AEAF6ACF-3EA7-45EC-A9D3-169643B201D6}.Release|x86.ActiveCfg = Release|Any CPU
	EndGlobalSection
	GlobalSection(SolutionProperties) = preSolution
		HideSolutionNode = FALSE
	EndGlobalSection
EndGlobal
